
Microsoft Visual Studio Solution File, Format Version 12.00
# Visual Studio 14
VisualStudioVersion = 14.0.23107.0
MinimumVisualStudioVersion = 10.0.40219.1
Project("{FAE04EC0-301F-11D3-BF4B-00C04F79EFBC}") = "ShopManagementV6", "ShopManagementV6\ShopManagementV6.csproj", "{2891A693-3D71-4C4F-812D-E74FC1D94E43}"
EndProject
Project("{FAE04EC0-301F-11D3-BF4B-00C04F79EFBC}") = "ConnectionSQLServer", "..\..\Web\ShopManagement5thEd\ConnectionSQLServer\ConnectionSQLServer.csproj", "{D42A80DC-B6C2-4823-A966-7D5B9602B4EE}"
EndProject
Global
	GlobalSection(SolutionConfigurationPlatforms) = preSolution
		CD_ROM|Any CPU = CD_ROM|Any CPU
		Debug|Any CPU = Debug|Any CPU
		DVD-5|Any CPU = DVD-5|Any CPU
		Release|Any CPU = Release|Any CPU
		SingleImage|Any CPU = SingleImage|Any CPU
	EndGlobalSection
	GlobalSection(ProjectConfigurationPlatforms) = postSolution
		{2891A693-3D71-4C4F-812D-E74FC1D94E43}.CD_ROM|Any CPU.ActiveCfg = Release|Any CPU
		{2891A693-3D71-4C4F-812D-E74FC1D94E43}.CD_ROM|Any CPU.Build.0 = Release|Any CPU
		{2891A693-3D71-4C4F-812D-E74FC1D94E43}.Debug|Any CPU.ActiveCfg = Debug|Any CPU
		{2891A693-3D71-4C4F-812D-E74FC1D94E43}.Debug|Any CPU.Build.0 = Debug|Any CPU
		{2891A693-3D71-4C4F-812D-E74FC1D94E43}.DVD-5|Any CPU.ActiveCfg = Debug|Any CPU
		{2891A693-3D71-4C4F-812D-E74FC1D94E43}.DVD-5|Any CPU.Build.0 = Debug|Any CPU
		{2891A693-3D71-4C4F-812D-E74FC1D94E43}.Release|Any CPU.ActiveCfg = Release|Any CPU
		{2891A693-3D71-4C4F-812D-E74FC1D94E43}.Release|Any CPU.Build.0 = Release|Any CPU
		{2891A693-3D71-4C4F-812D-E74FC1D94E43}.SingleImage|Any CPU.ActiveCfg = Release|Any CPU
		{2891A693-3D71-4C4F-812D-E74FC1D94E43}.SingleImage|Any CPU.Build.0 = Release|Any CPU
		{D42A80DC-B6C2-4823-A966-7D5B9602B4EE}.CD_ROM|Any CPU.ActiveCfg = Release|Any CPU
		{D42A80DC-B6C2-4823-A966-7D5B9602B4EE}.CD_ROM|Any CPU.Build.0 = Release|Any CPU
		{D42A80DC-B6C2-4823-A966-7D5B9602B4EE}.Debug|Any CPU.ActiveCfg = Debug|Any CPU
		{D42A80DC-B6C2-4823-A966-7D5B9602B4EE}.Debug|Any CPU.Build.0 = Debug|Any CPU
		{D42A80DC-B6C2-4823-A966-7D5B9602B4EE}.DVD-5|Any CPU.ActiveCfg = Debug|Any CPU
		{D42A80DC-B6C2-4823-A966-7D5B9602B4EE}.DVD-5|Any CPU.Build.0 = Debug|Any CPU
		{D42A80DC-B6C2-4823-A966-7D5B9602B4EE}.Release|Any CPU.ActiveCfg = Release|Any CPU
		{D42A80DC-B6C2-4823-A966-7D5B9602B4EE}.Release|Any CPU.Build.0 = Release|Any CPU
		{D42A80DC-B6C2-4823-A966-7D5B9602B4EE}.SingleImage|Any CPU.ActiveCfg = Release|Any CPU
		{D42A80DC-B6C2-4823-A966-7D5B9602B4EE}.SingleImage|Any CPU.Build.0 = Release|Any CPU
	EndGlobalSection
	GlobalSection(SolutionProperties) = preSolution
		HideSolutionNode = FALSE
	EndGlobalSection
EndGlobal
